DEPENDENCIES
  blueprint-yum
    path: cookbooks/blueprint-yum
  coremedia
    path: cookbooks/coremedia
  psdash
    path: cookbooks/psdash

GRAPH
  apt (2.6.0)
  blueprint-yum (0.1.0)
    yum (= 3.3.2)
    yum-centos (= 0.3.0)
    yum-mysql-community (= 0.1.10)
  build-essential (1.4.4)
  chef_handler (1.1.4)
  coremedia (1.0.1)
    chef_handler (= 1.1.4)
    cron (= 1.6.1)
    java (= 1.27.0)
    mongodb (= 0.13.7)
    mysql (= 4.0.20)
    openssl (= 1.1.0)
    postgresql (= 3.4.12)
    sql_server (= 1.2.2)
    sysctl (= 0.6.2)
    ulimit (= 0.3.2)
  cron (1.6.1)
  java (1.27.0)
  mongodb (0.13.7)
    apt (>= 1.8.2)
    python (>= 0.0.0)
    runit (>= 1.1.6)
    yum (>= 0.0.0)
  mysql (4.0.20)
    build-essential (~> 1.4)
    openssl (~> 1.1)
  ohai (2.0.1)
  openssl (1.1.0)
  postgresql (3.4.12)
    apt (>= 1.9.0)
    build-essential (>= 0.0.0)
    openssl (>= 0.0.0)
  psdash (0.1.1)
    python (= 1.4.6)
  python (1.4.6)
    build-essential (>= 0.0.0)
    yum-epel (>= 0.0.0)
  runit (1.5.10)
    build-essential (>= 0.0.0)
    yum (~> 3.0)
    yum-epel (>= 0.0.0)
  sql_server (1.2.2)
    openssl (>= 0.0.0)
    windows (>= 1.2.6)
  sysctl (0.6.2)
    ohai (>= 0.0.0)
  ulimit (0.3.2)
  windows (1.34.8)
    chef_handler (>= 0.0.0)
  yum (3.3.2)
  yum-centos (0.3.0)
    yum (~> 3.0)
  yum-epel (0.5.3)
    yum (~> 3.0)
  yum-mysql-community (0.1.10)
    yum (>= 3.0)
